{
  "version": "3",
  "packages": {
    "specifiers": {
      "jsr:@std/cli@1.0.6": "jsr:@std/cli@1.0.6",
      "jsr:@std/path@1.0.6": "jsr:@std/path@1.0.6",
      "npm:@types/express@^5.0.0": "npm:@types/express@5.0.0",
      "npm:@types/koa@^2.15.0": "npm:@types/koa@2.15.0",
      "npm:@types/node@^22.8.6": "npm:@types/node@22.8.6",
      "npm:postgres@^3.4.5": "npm:postgres@3.4.5",
      "npm:prettier@^3.3.3": "npm:prettier@3.3.3",
      "npm:tsx@^4.19.2": "npm:tsx@4.19.2",
      "npm:typescript@^5.6.3": "npm:typescript@5.6.3",
      "npm:urlpattern-polyfill@^10.0.0": "npm:urlpattern-polyfill@10.0.0"
    },
    "jsr": {
      "@std/cli@1.0.6": {
        "integrity": "d22d8b38c66c666d7ad1f2a66c5b122da1704f985d3c47f01129f05abb6c5d3d"
      },
      "@std/path@1.0.6": {
        "integrity": "ab2c55f902b380cf28e0eec501b4906e4c1960d13f00e11cfbcd21de15f18fed"
      }
    },
    "npm": {
      "@esbuild/aix-ppc64@0.23.1": {
        "integrity": "sha512-6VhYk1diRqrhBAqpJEdjASR/+WVRtfjpqKuNw11cLiaWpAT/Uu+nokB+UJnevzy/P9C/ty6AOe0dwueMrGh/iQ==",
        "dependencies": {}
      },
      "@esbuild/android-arm64@0.23.1": {
        "integrity": "sha512-xw50ipykXcLstLeWH7WRdQuysJqejuAGPd30vd1i5zSyKK3WE+ijzHmLKxdiCMtH1pHz78rOg0BKSYOSB/2Khw==",
        "dependencies": {}
      },
      "@esbuild/android-arm@0.23.1": {
        "integrity": "sha512-uz6/tEy2IFm9RYOyvKl88zdzZfwEfKZmnX9Cj1BHjeSGNuGLuMD1kR8y5bteYmwqKm1tj8m4cb/aKEorr6fHWQ==",
        "dependencies": {}
      },
      "@esbuild/android-x64@0.23.1": {
        "integrity": "sha512-nlN9B69St9BwUoB+jkyU090bru8L0NA3yFvAd7k8dNsVH8bi9a8cUAUSEcEEgTp2z3dbEDGJGfP6VUnkQnlReg==",
        "dependencies": {}
      },
      "@esbuild/darwin-arm64@0.23.1": {
        "integrity": "sha512-YsS2e3Wtgnw7Wq53XXBLcV6JhRsEq8hkfg91ESVadIrzr9wO6jJDMZnCQbHm1Guc5t/CdDiFSSfWP58FNuvT3Q==",
        "dependencies": {}
      },
      "@esbuild/darwin-x64@0.23.1": {
        "integrity": "sha512-aClqdgTDVPSEGgoCS8QDG37Gu8yc9lTHNAQlsztQ6ENetKEO//b8y31MMu2ZaPbn4kVsIABzVLXYLhCGekGDqw==",
        "dependencies": {}
      },
      "@esbuild/freebsd-arm64@0.23.1": {
        "integrity": "sha512-h1k6yS8/pN/NHlMl5+v4XPfikhJulk4G+tKGFIOwURBSFzE8bixw1ebjluLOjfwtLqY0kewfjLSrO6tN2MgIhA==",
        "dependencies": {}
      },
      "@esbuild/freebsd-x64@0.23.1": {
        "integrity": "sha512-lK1eJeyk1ZX8UklqFd/3A60UuZ/6UVfGT2LuGo3Wp4/z7eRTRYY+0xOu2kpClP+vMTi9wKOfXi2vjUpO1Ro76g==",
        "dependencies": {}
      },
      "@esbuild/linux-arm64@0.23.1": {
        "integrity": "sha512-/93bf2yxencYDnItMYV/v116zff6UyTjo4EtEQjUBeGiVpMmffDNUyD9UN2zV+V3LRV3/on4xdZ26NKzn6754g==",
        "dependencies": {}
      },
      "@esbuild/linux-arm@0.23.1": {
        "integrity": "sha512-CXXkzgn+dXAPs3WBwE+Kvnrf4WECwBdfjfeYHpMeVxWE0EceB6vhWGShs6wi0IYEqMSIzdOF1XjQ/Mkm5d7ZdQ==",
        "dependencies": {}
      },
      "@esbuild/linux-ia32@0.23.1": {
        "integrity": "sha512-VTN4EuOHwXEkXzX5nTvVY4s7E/Krz7COC8xkftbbKRYAl96vPiUssGkeMELQMOnLOJ8k3BY1+ZY52tttZnHcXQ==",
        "dependencies": {}
      },
      "@esbuild/linux-loong64@0.23.1": {
        "integrity": "sha512-Vx09LzEoBa5zDnieH8LSMRToj7ir/Jeq0Gu6qJ/1GcBq9GkfoEAoXvLiW1U9J1qE/Y/Oyaq33w5p2ZWrNNHNEw==",
        "dependencies": {}
      },
      "@esbuild/linux-mips64el@0.23.1": {
        "integrity": "sha512-nrFzzMQ7W4WRLNUOU5dlWAqa6yVeI0P78WKGUo7lg2HShq/yx+UYkeNSE0SSfSure0SqgnsxPvmAUu/vu0E+3Q==",
        "dependencies": {}
      },
      "@esbuild/linux-ppc64@0.23.1": {
        "integrity": "sha512-dKN8fgVqd0vUIjxuJI6P/9SSSe/mB9rvA98CSH2sJnlZ/OCZWO1DJvxj8jvKTfYUdGfcq2dDxoKaC6bHuTlgcw==",
        "dependencies": {}
      },
      "@esbuild/linux-riscv64@0.23.1": {
        "integrity": "sha512-5AV4Pzp80fhHL83JM6LoA6pTQVWgB1HovMBsLQ9OZWLDqVY8MVobBXNSmAJi//Csh6tcY7e7Lny2Hg1tElMjIA==",
        "dependencies": {}
      },
      "@esbuild/linux-s390x@0.23.1": {
        "integrity": "sha512-9ygs73tuFCe6f6m/Tb+9LtYxWR4c9yg7zjt2cYkjDbDpV/xVn+68cQxMXCjUpYwEkze2RcU/rMnfIXNRFmSoDw==",
        "dependencies": {}
      },
      "@esbuild/linux-x64@0.23.1": {
        "integrity": "sha512-EV6+ovTsEXCPAp58g2dD68LxoP/wK5pRvgy0J/HxPGB009omFPv3Yet0HiaqvrIrgPTBuC6wCH1LTOY91EO5hQ==",
        "dependencies": {}
      },
      "@esbuild/netbsd-x64@0.23.1": {
        "integrity": "sha512-aevEkCNu7KlPRpYLjwmdcuNz6bDFiE7Z8XC4CPqExjTvrHugh28QzUXVOZtiYghciKUacNktqxdpymplil1beA==",
        "dependencies": {}
      },
      "@esbuild/openbsd-arm64@0.23.1": {
        "integrity": "sha512-3x37szhLexNA4bXhLrCC/LImN/YtWis6WXr1VESlfVtVeoFJBRINPJ3f0a/6LV8zpikqoUg4hyXw0sFBt5Cr+Q==",
        "dependencies": {}
      },
      "@esbuild/openbsd-x64@0.23.1": {
        "integrity": "sha512-aY2gMmKmPhxfU+0EdnN+XNtGbjfQgwZj43k8G3fyrDM/UdZww6xrWxmDkuz2eCZchqVeABjV5BpildOrUbBTqA==",
        "dependencies": {}
      },
      "@esbuild/sunos-x64@0.23.1": {
        "integrity": "sha512-RBRT2gqEl0IKQABT4XTj78tpk9v7ehp+mazn2HbUeZl1YMdaGAQqhapjGTCe7uw7y0frDi4gS0uHzhvpFuI1sA==",
        "dependencies": {}
      },
      "@esbuild/win32-arm64@0.23.1": {
        "integrity": "sha512-4O+gPR5rEBe2FpKOVyiJ7wNDPA8nGzDuJ6gN4okSA1gEOYZ67N8JPk58tkWtdtPeLz7lBnY6I5L3jdsr3S+A6A==",
        "dependencies": {}
      },
      "@esbuild/win32-ia32@0.23.1": {
        "integrity": "sha512-BcaL0Vn6QwCwre3Y717nVHZbAa4UBEigzFm6VdsVdT/MbZ38xoj1X9HPkZhbmaBGUD1W8vxAfffbDe8bA6AKnQ==",
        "dependencies": {}
      },
      "@esbuild/win32-x64@0.23.1": {
        "integrity": "sha512-BHpFFeslkWrXWyUPnbKm+xYYVYruCinGcftSBaa8zoF9hZO4BcSCFUvHVTtzpIY6YzUnYtuEhZ+C9iEXjxnasg==",
        "dependencies": {}
      },
      "@types/accepts@1.3.7": {
        "integrity": "sha512-Pay9fq2lM2wXPWbteBsRAGiWH2hig4ZE2asK+mm7kUzlxRTfL961rj89I6zV/E3PcIkDqyuBEcMxFT7rccugeQ==",
        "dependencies": {
          "@types/node": "@types/node@18.16.19"
        }
      },
      "@types/body-parser@1.19.5": {
        "integrity": "sha512-fB3Zu92ucau0iQ0JMCFQE7b/dv8Ot07NI3KaZIkIUNXq82k4eBAqUaneXfleGY9JWskeS9y+u0nXMyspcuQrCg==",
        "dependencies": {
          "@types/connect": "@types/connect@3.4.38",
          "@types/node": "@types/node@18.16.19"
        }
      },
      "@types/connect@3.4.38": {
        "integrity": "sha512-K6uROf1LD88uDQqJCktA4yzL1YYAK6NgfsI0v/mTgyPKWsX1CnJ0XPSDhViejru1GcRkLWb8RlzFYJRqGUbaug==",
        "dependencies": {
          "@types/node": "@types/node@18.16.19"
        }
      },
      "@types/content-disposition@0.5.8": {
        "integrity": "sha512-QVSSvno3dE0MgO76pJhmv4Qyi/j0Yk9pBp0Y7TJ2Tlj+KCgJWY6qX7nnxCOLkZ3VYRSIk1WTxCvwUSdx6CCLdg==",
        "dependencies": {}
      },
      "@types/cookies@0.9.0": {
        "integrity": "sha512-40Zk8qR147RABiQ7NQnBzWzDcjKzNrntB5BAmeGCb2p/MIyOE+4BVvc17wumsUqUw00bJYqoXFHYygQnEFh4/Q==",
        "dependencies": {
          "@types/connect": "@types/connect@3.4.38",
          "@types/express": "@types/express@5.0.0",
          "@types/keygrip": "@types/keygrip@1.0.6",
          "@types/node": "@types/node@18.16.19"
        }
      },
      "@types/express-serve-static-core@5.0.1": {
        "integrity": "sha512-CRICJIl0N5cXDONAdlTv5ShATZ4HEwk6kDDIW2/w9qOWKg+NU/5F8wYRWCrONad0/UKkloNSmmyN/wX4rtpbVA==",
        "dependencies": {
          "@types/node": "@types/node@18.16.19",
          "@types/qs": "@types/qs@6.9.16",
          "@types/range-parser": "@types/range-parser@1.2.7",
          "@types/send": "@types/send@0.17.4"
        }
      },
      "@types/express@5.0.0": {
        "integrity": "sha512-DvZriSMehGHL1ZNLzi6MidnsDhUZM/x2pRdDIKdwbUNqqwHxMlRdkxtn6/EPKyqKpHqTl/4nRZsRNLpZxZRpPQ==",
        "dependencies": {
          "@types/body-parser": "@types/body-parser@1.19.5",
          "@types/express-serve-static-core": "@types/express-serve-static-core@5.0.1",
          "@types/qs": "@types/qs@6.9.16",
          "@types/serve-static": "@types/serve-static@1.15.7"
        }
      },
      "@types/http-assert@1.5.6": {
        "integrity": "sha512-TTEwmtjgVbYAzZYWyeHPrrtWnfVkm8tQkP8P21uQifPgMRgjrow3XDEYqucuC8SKZJT7pUnhU/JymvjggxO9vw==",
        "dependencies": {}
      },
      "@types/http-errors@2.0.4": {
        "integrity": "sha512-D0CFMMtydbJAegzOyHjtiKPLlvnm3iTZyZRSZoLq2mRhDdmLfIWOCYPfQJ4cu2erKghU++QvjcUjp/5h7hESpA==",
        "dependencies": {}
      },
      "@types/keygrip@1.0.6": {
        "integrity": "sha512-lZuNAY9xeJt7Bx4t4dx0rYCDqGPW8RXhQZK1td7d4H6E9zYbLoOtjBvfwdTKpsyxQI/2jv+armjX/RW+ZNpXOQ==",
        "dependencies": {}
      },
      "@types/koa-compose@3.2.8": {
        "integrity": "sha512-4Olc63RY+MKvxMwVknCUDhRQX1pFQoBZ/lXcRLP69PQkEpze/0cr8LNqJQe5NFb/b19DWi2a5bTi2VAlQzhJuA==",
        "dependencies": {
          "@types/koa": "@types/koa@2.15.0"
        }
      },
      "@types/koa@2.15.0": {
        "integrity": "sha512-7QFsywoE5URbuVnG3loe03QXuGajrnotr3gQkXcEBShORai23MePfFYdhz90FEtBBpkyIYQbVD+evKtloCgX3g==",
        "dependencies": {
          "@types/accepts": "@types/accepts@1.3.7",
          "@types/content-disposition": "@types/content-disposition@0.5.8",
          "@types/cookies": "@types/cookies@0.9.0",
          "@types/http-assert": "@types/http-assert@1.5.6",
          "@types/http-errors": "@types/http-errors@2.0.4",
          "@types/keygrip": "@types/keygrip@1.0.6",
          "@types/koa-compose": "@types/koa-compose@3.2.8",
          "@types/node": "@types/node@18.16.19"
        }
      },
      "@types/mime@1.3.5": {
        "integrity": "sha512-/pyBZWSLD2n0dcHE3hq8s8ZvcETHtEuF+3E7XVt0Ig2nvsVQXdghHVcEkIWjy9A0wKfTn97a/PSDYohKIlnP/w==",
        "dependencies": {}
      },
      "@types/node@18.16.19": {
        "integrity": "sha512-IXl7o+R9iti9eBW4Wg2hx1xQDig183jj7YLn8F7udNceyfkbn1ZxmzZXuak20gR40D7pIkIY1kYGx5VIGbaHKA==",
        "dependencies": {}
      },
      "@types/node@22.8.6": {
        "integrity": "sha512-tosuJYKrIqjQIlVCM4PEGxOmyg3FCPa/fViuJChnGeEIhjA46oy8FMVoF9su1/v8PNs2a8Q0iFNyOx0uOF91nw==",
        "dependencies": {
          "undici-types": "undici-types@6.19.8"
        }
      },
      "@types/qs@6.9.16": {
        "integrity": "sha512-7i+zxXdPD0T4cKDuxCUXJ4wHcsJLwENa6Z3dCu8cfCK743OGy5Nu1RmAGqDPsoTDINVEcdXKRvR/zre+P2Ku1A==",
        "dependencies": {}
      },
      "@types/range-parser@1.2.7": {
        "integrity": "sha512-hKormJbkJqzQGhziax5PItDUTMAM9uE2XXQmM37dyd4hVM+5aVl7oVxMVUiVQn2oCQFN/LKCZdvSM0pFRqbSmQ==",
        "dependencies": {}
      },
      "@types/send@0.17.4": {
        "integrity": "sha512-x2EM6TJOybec7c52BX0ZspPodMsQUd5L6PRwOunVyVUhXiBSKf3AezDL8Dgvgt5o0UfKNfuA0eMLr2wLT4AiBA==",
        "dependencies": {
          "@types/mime": "@types/mime@1.3.5",
          "@types/node": "@types/node@18.16.19"
        }
      },
      "@types/serve-static@1.15.7": {
        "integrity": "sha512-W8Ym+h8nhuRwaKPaDw34QUkwsGi6Rc4yYqvKFo5rm2FUEhCFbzVWrxXUxuKK8TASjWsysJY0nsmNCGhCOIsrOw==",
        "dependencies": {
          "@types/http-errors": "@types/http-errors@2.0.4",
          "@types/node": "@types/node@18.16.19",
          "@types/send": "@types/send@0.17.4"
        }
      },
      "esbuild@0.23.1": {
        "integrity": "sha512-VVNz/9Sa0bs5SELtn3f7qhJCDPCF5oMEl5cO9/SSinpE9hbPVvxbd572HH5AKiP7WD8INO53GgfDDhRjkylHEg==",
        "dependencies": {
          "@esbuild/aix-ppc64": "@esbuild/aix-ppc64@0.23.1",
          "@esbuild/android-arm": "@esbuild/android-arm@0.23.1",
          "@esbuild/android-arm64": "@esbuild/android-arm64@0.23.1",
          "@esbuild/android-x64": "@esbuild/android-x64@0.23.1",
          "@esbuild/darwin-arm64": "@esbuild/darwin-arm64@0.23.1",
          "@esbuild/darwin-x64": "@esbuild/darwin-x64@0.23.1",
          "@esbuild/freebsd-arm64": "@esbuild/freebsd-arm64@0.23.1",
          "@esbuild/freebsd-x64": "@esbuild/freebsd-x64@0.23.1",
          "@esbuild/linux-arm": "@esbuild/linux-arm@0.23.1",
          "@esbuild/linux-arm64": "@esbuild/linux-arm64@0.23.1",
          "@esbuild/linux-ia32": "@esbuild/linux-ia32@0.23.1",
          "@esbuild/linux-loong64": "@esbuild/linux-loong64@0.23.1",
          "@esbuild/linux-mips64el": "@esbuild/linux-mips64el@0.23.1",
          "@esbuild/linux-ppc64": "@esbuild/linux-ppc64@0.23.1",
          "@esbuild/linux-riscv64": "@esbuild/linux-riscv64@0.23.1",
          "@esbuild/linux-s390x": "@esbuild/linux-s390x@0.23.1",
          "@esbuild/linux-x64": "@esbuild/linux-x64@0.23.1",
          "@esbuild/netbsd-x64": "@esbuild/netbsd-x64@0.23.1",
          "@esbuild/openbsd-arm64": "@esbuild/openbsd-arm64@0.23.1",
          "@esbuild/openbsd-x64": "@esbuild/openbsd-x64@0.23.1",
          "@esbuild/sunos-x64": "@esbuild/sunos-x64@0.23.1",
          "@esbuild/win32-arm64": "@esbuild/win32-arm64@0.23.1",
          "@esbuild/win32-ia32": "@esbuild/win32-ia32@0.23.1",
          "@esbuild/win32-x64": "@esbuild/win32-x64@0.23.1"
        }
      },
      "fsevents@2.3.3": {
        "integrity": "sha512-5xoDfX+fL7faATnagmWPpbFtwh/R77WmMMqqHGS65C3vvB0YHrgF+B1YmZ3441tMj5n63k0212XNoJwzlhffQw==",
        "dependencies": {}
      },
      "get-tsconfig@4.8.1": {
        "integrity": "sha512-k9PN+cFBmaLWtVz29SkUoqU5O0slLuHJXt/2P+tMVFT+phsSGXGkp9t3rQIqdz0e+06EHNGs3oM6ZX1s2zHxRg==",
        "dependencies": {
          "resolve-pkg-maps": "resolve-pkg-maps@1.0.0"
        }
      },
      "postgres@3.4.5": {
        "integrity": "sha512-cDWgoah1Gez9rN3H4165peY9qfpEo+SA61oQv65O3cRUE1pOEoJWwddwcqKE8XZYjbblOJlYDlLV4h67HrEVDg==",
        "dependencies": {}
      },
      "prettier@3.3.3": {
        "integrity": "sha512-i2tDNA0O5IrMO757lfrdQZCc2jPNDVntV0m/+4whiDfWaTKfMNgR7Qz0NAeGz/nRqF4m5/6CLzbP4/liHt12Ew==",
        "dependencies": {}
      },
      "resolve-pkg-maps@1.0.0": {
        "integrity": "sha512-seS2Tj26TBVOC2NIc2rOe2y2ZO7efxITtLZcGSOnHHNOQ7CkiUBfw0Iw2ck6xkIhPwLhKNLS8BO+hEpngQlqzw==",
        "dependencies": {}
      },
      "tsx@4.19.2": {
        "integrity": "sha512-pOUl6Vo2LUq/bSa8S5q7b91cgNSjctn9ugq/+Mvow99qW6x/UZYwzxy/3NmqoT66eHYfCVvFvACC58UBPFf28g==",
        "dependencies": {
          "esbuild": "esbuild@0.23.1",
          "fsevents": "fsevents@2.3.3",
          "get-tsconfig": "get-tsconfig@4.8.1"
        }
      },
      "typescript@5.6.3": {
        "integrity": "sha512-hjcS1mhfuyi4WW8IWtjP7brDrG2cuDZukyrYrSauoXGNgx0S7zceP07adYkJycEr56BOUTNPzbInooiN3fn1qw==",
        "dependencies": {}
      },
      "undici-types@6.19.8": {
        "integrity": "sha512-ve2KP6f/JnbPBFyobGHuerC9g1FYGn/F8n1LWTwNxCEzd6IfqTwUQcNXgEtmmQ6DlRrC1hrSrBnCZPokRrDHjw==",
        "dependencies": {}
      },
      "urlpattern-polyfill@10.0.0": {
        "integrity": "sha512-H/A06tKD7sS1O1X2SshBVeA5FLycRpjqiBeqGKmBwBDBy28EnRjORxTNe269KSSr5un5qyWi1iL61wLxpd+ZOg==",
        "dependencies": {}
      }
    }
  },
  "remote": {
    "https://deno.land/std@0.211.0/assert/_constants.ts": "a271e8ef5a573f1df8e822a6eb9d09df064ad66a4390f21b3e31f820a38e0975",
    "https://deno.land/std@0.211.0/assert/_diff.ts": "6a2d68f2c42d73a1e31818a4195f40598d672c7f02ac75c7f1b1e6789852c2bc",
    "https://deno.land/std@0.211.0/assert/_format.ts": "0ba808961bf678437fb486b56405b6fefad2cf87b5809667c781ddee8c32aff4",
    "https://deno.land/std@0.211.0/assert/assert.ts": "bec068b2fccdd434c138a555b19a2c2393b71dfaada02b7d568a01541e67cdc5",
    "https://deno.land/std@0.211.0/assert/assert_almost_equals.ts": "648ea72678296a5ad86d3bbb66904335fa97de3133223f44ca4596b225cdcbef",
    "https://deno.land/std@0.211.0/assert/assert_array_includes.ts": "dbb461c20681807a884ad84d873f9e4daead380859531b1e7f27fa4e8f8bf431",
    "https://deno.land/std@0.211.0/assert/assert_equals.ts": "b3b33ae8a85ae22a0754c61a7486d4ae870e8938830a94f5cacecba3a9b0442a",
    "https://deno.land/std@0.211.0/assert/assert_exists.ts": "24a7bf965e634f909242cd09fbaf38bde6b791128ece08e33ab08586a7cc55c9",
    "https://deno.land/std@0.211.0/assert/assert_false.ts": "6f382568e5128c0f855e5f7dbda8624c1ed9af4fcc33ef4a9afeeedcdce99769",
    "https://deno.land/std@0.211.0/assert/assert_greater.ts": "8dfcf082d2bcffcaab3bd0dab48d41e41c26266529567246de47bd6864936f6d",
    "https://deno.land/std@0.211.0/assert/assert_greater_or_equal.ts": "9e02ef89f32563f539f7e66556930033418728847aefcca4e3806a735b5f122e",
    "https://deno.land/std@0.211.0/assert/assert_instance_of.ts": "72dc1faff1e248692d873c89382fa1579dd7b53b56d52f37f9874a75b11ba444",
    "https://deno.land/std@0.211.0/assert/assert_is_error.ts": "6596f2b5ba89ba2fe9b074f75e9318cda97a2381e59d476812e30077fbdb6ed2",
    "https://deno.land/std@0.211.0/assert/assert_less.ts": "91a6fed705f9c39bbd683b62aa9dfc42547bc886c29f696997e681cafb886b16",
    "https://deno.land/std@0.211.0/assert/assert_less_or_equal.ts": "7a3c2e554eb20aa6af9dd4a410e550bcee9e8a28102d51f5f40cb1b8d141e4e1",
    "https://deno.land/std@0.211.0/assert/assert_match.ts": "ec2d9680ed3e7b9746ec57ec923a17eef6d476202f339ad91d22277d7f1d16e1",
    "https://deno.land/std@0.211.0/assert/assert_not_equals.ts": "cb78bf9a4357d69673c87b634491bc6b840412c8b55efe472af9877ef6f0a29b",
    "https://deno.land/std@0.211.0/assert/assert_not_instance_of.ts": "8f720d92d83775c40b2542a8d76c60c2d4aeddaf8713c8d11df8984af2604931",
    "https://deno.land/std@0.211.0/assert/assert_not_match.ts": "b4b7c77f146963e2b673c1ce4846473703409eb93f5ab0eb60f6e6f8aeffe39f",
    "https://deno.land/std@0.211.0/assert/assert_not_strict_equals.ts": "89ba25e1da5233404ac4c01651c088759b7977c51034eefc6050fe3fc2d10c46",
    "https://deno.land/std@0.211.0/assert/assert_object_match.ts": "e85e5eef62a56ce364c3afdd27978ccab979288a3e772e6855c270a7b118fa49",
    "https://deno.land/std@0.211.0/assert/assert_rejects.ts": "e9e0c8d9c3e164c7ac962c37b3be50577c5a2010db107ed272c4c1afb1269f54",
    "https://deno.land/std@0.211.0/assert/assert_strict_equals.ts": "0425a98f70badccb151644c902384c12771a93e65f8ff610244b8147b03a2366",
    "https://deno.land/std@0.211.0/assert/assert_string_includes.ts": "dfb072a890167146f8e5bdd6fde887ce4657098e9f71f12716ef37f35fb6f4a7",
    "https://deno.land/std@0.211.0/assert/assert_throws.ts": "edddd86b39606c342164b49ad88dd39a26e72a26655e07545d172f164b617fa7",
    "https://deno.land/std@0.211.0/assert/assertion_error.ts": "9f689a101ee586c4ce92f52fa7ddd362e86434ffdf1f848e45987dc7689976b8",
    "https://deno.land/std@0.211.0/assert/equal.ts": "fae5e8a52a11d3ac694bbe1a53e13a7969e3f60791262312e91a3e741ae519e2",
    "https://deno.land/std@0.211.0/assert/fail.ts": "f310e51992bac8e54f5fd8e44d098638434b2edb802383690e0d7a9be1979f1c",
    "https://deno.land/std@0.211.0/assert/mod.ts": "325df8c0683ad83a873b9691aa66b812d6275fc9fec0b2d180ac68a2c5efed3b",
    "https://deno.land/std@0.211.0/assert/unimplemented.ts": "47ca67d1c6dc53abd0bd729b71a31e0825fc452dbcd4fde4ca06789d5644e7fd",
    "https://deno.land/std@0.211.0/assert/unreachable.ts": "38cfecb95d8b06906022d2f9474794fca4161a994f83354fd079cac9032b5145",
    "https://deno.land/std@0.211.0/cli/mod.ts": "58f75df8ce43fb8266bdd26ec4465f73176b910316d72eb8e090b6a0549391da",
    "https://deno.land/std@0.211.0/cli/parse_args.ts": "91dfad92c32c4c7f50bc5f476030cc84d0b8ad69f66cde219ddfd49516cbbdcf",
    "https://deno.land/std@0.211.0/cli/prompt_secret.ts": "de44568ce4c3905d5a62123935e396d37d78acbd9988700f4b1ae0c7389aca02",
    "https://deno.land/std@0.211.0/cli/spinner.ts": "4ed94ef9f13db64ad8dc3a9f598d5ff78ced13d5f88645c53b14177ca8bf0ea0",
    "https://deno.land/std@0.211.0/fmt/colors.ts": "be082d6a6bbb2980ae7b2bf8c23c6bb2811ba90a06a9bcb861344a71784c5a99",
    "https://deno.land/std@0.211.0/path/_common/assert_path.ts": "2ca275f36ac1788b2acb60fb2b79cb06027198bc2ba6fb7e163efaedde98c297",
    "https://deno.land/std@0.211.0/path/_common/constants.ts": "dc5f8057159f4b48cd304eb3027e42f1148cf4df1fb4240774d3492b5d12ac0c",
    "https://deno.land/std@0.211.0/path/_os.ts": "8fb9b90fb6b753bd8c77cfd8a33c2ff6c5f5bc185f50de8ca4ac6a05710b2c15",
    "https://deno.land/std@0.211.0/path/extname.ts": "593303db8ae8c865cbd9ceec6e55d4b9ac5410c1e276bfd3131916591b954441",
    "https://deno.land/std@0.211.0/path/posix/_util.ts": "1e3937da30f080bfc99fe45d7ed23c47dd8585c5e473b2d771380d3a6937cf9d",
    "https://deno.land/std@0.211.0/path/posix/extname.ts": "8d36ae0082063c5e1191639699e6f77d3acf501600a3d87b74943f0ae5327427",
    "https://deno.land/std@0.211.0/path/windows/_util.ts": "d5f47363e5293fced22c984550d5e70e98e266cc3f31769e1710511803d04808",
    "https://deno.land/std@0.211.0/path/windows/extname.ts": "165a61b00d781257fda1e9606a48c78b06815385e7d703232548dbfc95346bef",
    "https://deno.land/std@0.211.0/testing/_test_suite.ts": "f10a8a6338b60c403f07a76f3f46bdc9f1e1a820c0a1decddeb2949f7a8a0546",
    "https://deno.land/std@0.211.0/testing/bdd.ts": "3cbd17bd35f629a76ce63446238dfb4632240dd46b3b205027c45fa3dd67e554"
  },
  "workspace": {
    "packageJson": {
      "dependencies": [
        "npm:@types/express@^5.0.0",
        "npm:@types/koa@^2.15.0",
        "npm:@types/node@^22.8.6",
        "npm:postgres@^3.4.5",
        "npm:prettier@^3.3.3",
        "npm:tsx@^4.19.2",
        "npm:typescript@^5.6.3",
        "npm:urlpattern-polyfill@^10.0.0"
      ]
    }
  }
}
