{
	"name": "node",
	"lockfileVersion": 3,
	"requires": true,
	"packages": {
		"": {
			"dependencies": {
				"gruber": "file:../../bundle/node",
				"postgres": "^3.4.3"
			}
		},
		"../../bundle/node": {
			"name": "gruber",
			"version": "0.5.0",
			"dependencies": {
				"urlpattern-polyfill": "^10.0.0"
			},
			"engines": {
				"node": ">=20"
			}
		},
		"../../node": {
			"name": "gruber",
			"extraneous": true,
			"dependencies": {
				"urlpattern-polyfill": "^10.0.0"
			},
			"engines": {
				"node": ">=20"
			}
		},
		"node_modules/gruber": {
			"resolved": "../../bundle/node",
			"link": true
		},
		"node_modules/postgres": {
			"version": "3.4.3",
			"resolved": "https://registry.npmjs.org/postgres/-/postgres-3.4.3.tgz",
			"integrity": "sha512-iHJn4+M9vbTdHSdDzNkC0crHq+1CUdFhx+YqCE+SqWxPjm+Zu63jq7yZborOBF64c8pc58O5uMudyL1FQcHacA==",
			"engines": {
				"node": ">=12"
			},
			"funding": {
				"type": "individual",
				"url": "https://github.com/sponsors/porsager"
			}
		}
	}
}
