{
	"name": "node",
	"lockfileVersion": 3,
	"requires": true,
	"packages": {
		"": {
			"dependencies": {
				"gruber": "file:../../node",
				"postgres": "^3.4.3"
			}
		},
		"../../node": {
			"name": "gruber",
			"dependencies": {
				"superstruct": "^1.0.3",
				"urlpattern-polyfill": "^9.0.0"
			},
			"devDependencies": {
				"@types/express": "^4.17.21",
				"@types/koa": "^2.14.0",
				"@types/node": "^20.10.8"
			}
		},
		"../../node/node_modules/@types/accepts": {
			"version": "1.3.7",
			"dev": true,
			"license": "MIT",
			"dependencies": {
				"@types/node": "*"
			}
		},
		"../../node/node_modules/@types/body-parser": {
			"version": "1.19.5",
			"dev": true,
			"license": "MIT",
			"dependencies": {
				"@types/connect": "*",
				"@types/node": "*"
			}
		},
		"../../node/node_modules/@types/connect": {
			"version": "3.4.38",
			"dev": true,
			"license": "MIT",
			"dependencies": {
				"@types/node": "*"
			}
		},
		"../../node/node_modules/@types/content-disposition": {
			"version": "0.5.8",
			"dev": true,
			"license": "MIT"
		},
		"../../node/node_modules/@types/cookies": {
			"version": "0.7.10",
			"dev": true,
			"license": "MIT",
			"dependencies": {
				"@types/connect": "*",
				"@types/express": "*",
				"@types/keygrip": "*",
				"@types/node": "*"
			}
		},
		"../../node/node_modules/@types/express": {
			"version": "4.17.21",
			"dev": true,
			"license": "MIT",
			"dependencies": {
				"@types/body-parser": "*",
				"@types/express-serve-static-core": "^4.17.33",
				"@types/qs": "*",
				"@types/serve-static": "*"
			}
		},
		"../../node/node_modules/@types/express-serve-static-core": {
			"version": "4.17.41",
			"dev": true,
			"license": "MIT",
			"dependencies": {
				"@types/node": "*",
				"@types/qs": "*",
				"@types/range-parser": "*",
				"@types/send": "*"
			}
		},
		"../../node/node_modules/@types/http-assert": {
			"version": "1.5.5",
			"dev": true,
			"license": "MIT"
		},
		"../../node/node_modules/@types/http-errors": {
			"version": "2.0.4",
			"dev": true,
			"license": "MIT"
		},
		"../../node/node_modules/@types/keygrip": {
			"version": "1.0.6",
			"dev": true,
			"license": "MIT"
		},
		"../../node/node_modules/@types/koa": {
			"version": "2.14.0",
			"dev": true,
			"license": "MIT",
			"dependencies": {
				"@types/accepts": "*",
				"@types/content-disposition": "*",
				"@types/cookies": "*",
				"@types/http-assert": "*",
				"@types/http-errors": "*",
				"@types/keygrip": "*",
				"@types/koa-compose": "*",
				"@types/node": "*"
			}
		},
		"../../node/node_modules/@types/koa-compose": {
			"version": "3.2.8",
			"dev": true,
			"license": "MIT",
			"dependencies": {
				"@types/koa": "*"
			}
		},
		"../../node/node_modules/@types/mime": {
			"version": "1.3.5",
			"dev": true,
			"license": "MIT"
		},
		"../../node/node_modules/@types/node": {
			"version": "20.10.8",
			"dev": true,
			"license": "MIT",
			"dependencies": {
				"undici-types": "~5.26.4"
			}
		},
		"../../node/node_modules/@types/qs": {
			"version": "6.9.11",
			"dev": true,
			"license": "MIT"
		},
		"../../node/node_modules/@types/range-parser": {
			"version": "1.2.7",
			"dev": true,
			"license": "MIT"
		},
		"../../node/node_modules/@types/send": {
			"version": "0.17.4",
			"dev": true,
			"license": "MIT",
			"dependencies": {
				"@types/mime": "^1",
				"@types/node": "*"
			}
		},
		"../../node/node_modules/@types/serve-static": {
			"version": "1.15.5",
			"dev": true,
			"license": "MIT",
			"dependencies": {
				"@types/http-errors": "*",
				"@types/mime": "*",
				"@types/node": "*"
			}
		},
		"../../node/node_modules/superstruct": {
			"version": "1.0.3",
			"license": "MIT",
			"engines": {
				"node": ">=14.0.0"
			}
		},
		"../../node/node_modules/undici-types": {
			"version": "5.26.5",
			"dev": true,
			"license": "MIT"
		},
		"../../node/node_modules/urlpattern-polyfill": {
			"version": "9.0.0",
			"license": "MIT"
		},
		"node_modules/gruber": {
			"resolved": "../../node",
			"link": true
		},
		"node_modules/postgres": {
			"version": "3.4.3",
			"resolved": "https://registry.npmjs.org/postgres/-/postgres-3.4.3.tgz",
			"integrity": "sha512-iHJn4+M9vbTdHSdDzNkC0crHq+1CUdFhx+YqCE+SqWxPjm+Zu63jq7yZborOBF64c8pc58O5uMudyL1FQcHacA==",
			"engines": {
				"node": ">=12"
			},
			"funding": {
				"type": "individual",
				"url": "https://github.com/sponsors/porsager"
			}
		}
	}
}
